// !$*UTF8*$!
{
	archiveVersion = 1;
	classes = {
	};
	objectVersion = 46;
	objects = {

/* Begin PBXBuildFile section */
		987D1AD116DA94A3007BC3E2 /* UIKit.framework in Frameworks */ = {isa = PBXBuildFile; fileRef = 987D1AD016DA94A3007BC3E2 /* UIKit.framework */; };
		987D1AD316DA94A3007BC3E2 /* Foundation.framework in Frameworks */ = {isa = PBXBuildFile; fileRef = 987D1AD216DA94A3007BC3E2 /* Foundation.framework */; };
		987D1AD516DA94A3007BC3E2 /* CoreGraphics.framework in Frameworks */ = {isa = PBXBuildFile; fileRef = 987D1AD416DA94A3007BC3E2 /* CoreGraphics.framework */; };
		987D1ADB16DA94A3007BC3E2 /* InfoPlist.strings in Resources */ = {isa = PBXBuildFile; fileRef = 987D1AD916DA94A3007BC3E2 /* InfoPlist.strings */; };
		987D1ADD16DA94A3007BC3E2 /* main.m in Sources */ = {isa = PBXBuildFile; fileRef = 987D1ADC16DA94A3007BC3E2 /* main.m */; };
		987D1AE116DA94A3007BC3E2 /* HelloWorldAppDelegate.m in Sources */ = {isa = PBXBuildFile; fileRef = 987D1AE016DA94A3007BC3E2 /* HelloWorldAppDelegate.m */; };
		987D1AE316DA94A3007BC3E2 /* Default.png in Resources */ = {isa = PBXBuildFile; fileRef = 987D1AE216DA94A3007BC3E2 /* Default.png */; };
		987D1AE516DA94A3007BC3E2 /* Default@2x.png in Resources */ = {isa = PBXBuildFile; fileRef = 987D1AE416DA94A3007BC3E2 /* Default@2x.png */; };
		987D1AE716DA94A3007BC3E2 /* Default-568h@2x.png in Resources */ = {isa = PBXBuildFile; fileRef = 987D1AE616DA94A3007BC3E2 /* Default-568h@2x.png */; };
		987D1AEA16DA94A3007BC3E2 /* MainStoryboard.storyboard in Resources */ = {isa = PBXBuildFile; fileRef = 987D1AE816DA94A3007BC3E2 /* MainStoryboard.storyboard */; };
		987D1AED16DA94A3007BC3E2 /* HelloWorldViewController.m in Sources */ = {isa = PBXBuildFile; fileRef = 987D1AEC16DA94A3007BC3E2 /* HelloWorldViewController.m */; };
/* End PBXBuildFile section */

/* Begin PBXFileReference section */
		987D1ACD16DA94A3007BC3E2 /* GitHub Sample App.app */ = {isa = PBXFileReference; explicitFileType = wrapper.application; includeInIndex = 0; path = "GitHub Sample App.app"; sourceTree = BUILT_PRODUCTS_DIR; };
		987D1AD016DA94A3007BC3E2 /* UIKit.framework */ = {isa = PBXFileReference; lastKnownFileType = wrapper.framework; name = UIKit.framework; path = System/Library/Frameworks/UIKit.framework; sourceTree = SDKROOT; };
		987D1AD216DA94A3007BC3E2 /* Foundation.framework */ = {isa = PBXFileReference; lastKnownFileType = wrapper.framework; name = Foundation.framework; path = System/Library/Frameworks/Foundation.framework; sourceTree = SDKROOT; };
		987D1AD416DA94A3007BC3E2 /* CoreGraphics.framework */ = {isa = PBXFileReference; lastKnownFileType = wrapper.framework; name = CoreGraphics.framework; path = System/Library/Frameworks/CoreGraphics.framework; sourceTree = SDKROOT; };
		987D1AD816DA94A3007BC3E2 /* GitHub Sample App-Info.plist */ = {isa = PBXFileReference; lastKnownFileType = text.plist.xml; path = "GitHub Sample App-Info.plist"; sourceTree = "<group>"; };
		987D1ADA16DA94A3007BC3E2 /* en */ = {isa = PBXFileReference; lastKnownFileType = text.plist.strings; name = en; path = en.lproj/InfoPlist.strings; sourceTree = "<group>"; };
		987D1ADC16DA94A3007BC3E2 /* main.m */ = {isa = PBXFileReference; lastKnownFileType = sourcecode.c.objc; path = main.m; sourceTree = "<group>"; };
		987D1ADE16DA94A3007BC3E2 /* GitHub Sample App-Prefix.pch */ = {isa = PBXFileReference; lastKnownFileType = sourcecode.c.h; path = "GitHub Sample App-Prefix.pch"; sourceTree = "<group>"; };
		987D1ADF16DA94A3007BC3E2 /* HelloWorldAppDelegate.h */ = {isa = PBXFileReference; lastKnownFileType = sourcecode.c.h; path = HelloWorldAppDelegate.h; sourceTree = "<group>"; };
		987D1AE016DA94A3007BC3E2 /* HelloWorldAppDelegate.m */ = {isa = PBXFileReference; lastKnownFileType = sourcecode.c.objc; path = HelloWorldAppDelegate.m; sourceTree = "<group>"; };
		987D1AE216DA94A3007BC3E2 /* Default.png */ = {isa = PBXFileReference; lastKnownFileType = image.png; path = Default.png; sourceTree = "<group>"; };
		987D1AE416DA94A3007BC3E2 /* Default@2x.png */ = {isa = PBXFileReference; lastKnownFileType = image.png; path = "Default@2x.png"; sourceTree = "<group>"; };
		987D1AE616DA94A3007BC3E2 /* Default-568h@2x.png */ = {isa = PBXFileReference; lastKnownFileType = image.png; path = "Default-568h@2x.png"; sourceTree = "<group>"; };
		987D1AE916DA94A3007BC3E2 /* en */ = {isa = PBXFileReference; lastKnownFileType = file.storyboard; name = en; path = en.lproj/MainStoryboard.storyboard; sourceTree = "<group>"; };
		987D1AEB16DA94A3007BC3E2 /* HelloWorldViewController.h */ = {isa = PBXFileReference; lastKnownFileType = sourcecode.c.h; path = HelloWorldViewController.h; sourceTree = "<group>"; };
		987D1AEC16DA94A3007BC3E2 /* HelloWorldViewController.m */ = {isa = PBXFileReference; lastKnownFileType = sourcecode.c.objc; path = HelloWorldViewController.m; sourceTree = "<group>"; };
/* End PBXFileReference section */

/* Begin PBXFrameworksBuildPhase section */
		987D1ACA16DA94A3007BC3E2 /* Frameworks */ = {
			isa = PBXFrameworksBuildPhase;
			buildActionMask = 2147483647;
			files = (
				987D1AD116DA94A3007BC3E2 /* UIKit.framework in Frameworks */,
				987D1AD316DA94A3007BC3E2 /* Foundation.framework in Frameworks */,
				987D1AD516DA94A3007BC3E2 /* CoreGraphics.framework in Frameworks */,
			);
			runOnlyForDeploymentPostprocessing = 0;
		};
/* End PBXFrameworksBuildPhase section */

/* Begin PBXGroup section */
		987D1AC416DA94A2007BC3E2 = {
			isa = PBXGroup;
			children = (
				987D1AD616DA94A3007BC3E2 /* GitHub Sample App */,
				987D1ACF16DA94A3007BC3E2 /* Frameworks */,
				987D1ACE16DA94A3007BC3E2 /* Products */,
			);
			sourceTree = "<group>";
		};
		987D1ACE16DA94A3007BC3E2 /* Products */ = {
			isa = PBXGroup;
			children = (
				987D1ACD16DA94A3007BC3E2 /* GitHub Sample App.app */,
			);
			name = Products;
			sourceTree = "<group>";
		};
		987D1ACF16DA94A3007BC3E2 /* Frameworks */ = {
			isa = PBXGroup;
			children = (
				987D1AD016DA94A3007BC3E2 /* UIKit.framework */,
				987D1AD216DA94A3007BC3E2 /* Foundation.framework */,
				987D1AD416DA94A3007BC3E2 /* CoreGraphics.framework */,
			);
			name = Frameworks;
			sourceTree = "<group>";
		};
		987D1AD616DA94A3007BC3E2 /* GitHub Sample App */ = {
			isa = PBXGroup;
			children = (
				987D1ADF16DA94A3007BC3E2 /* HelloWorldAppDelegate.h */,
				987D1AE016DA94A3007BC3E2 /* HelloWorldAppDelegate.m */,
				987D1AE816DA94A3007BC3E2 /* MainStoryboard.storyboard */,
				987D1AEB16DA94A3007BC3E2 /* HelloWorldViewController.h */,
				987D1AEC16DA94A3007BC3E2 /* HelloWorldViewController.m */,
				987D1AD716DA94A3007BC3E2 /* Supporting Files */,
			);
			path = "GitHub Sample App";
			sourceTree = "<group>";
		};
		987D1AD716DA94A3007BC3E2 /* Supporting Files */ = {
			isa = PBXGroup;
			children = (
				987D1AD816DA94A3007BC3E2 /* GitHub Sample App-Info.plist */,
				987D1AD916DA94A3007BC3E2 /* InfoPlist.strings */,
				987D1ADC16DA94A3007BC3E2 /* main.m */,
				987D1ADE16DA94A3007BC3E2 /* GitHub Sample App-Prefix.pch */,
				987D1AE216DA94A3007BC3E2 /* Default.png */,
				987D1AE416DA94A3007BC3E2 /* Default@2x.png */,
				987D1AE616DA94A3007BC3E2 /* Default-568h@2x.png */,
			);
			name = "Supporting Files";
			sourceTree = "<group>";
		};
/* End PBXGroup section */

/* Begin PBXNativeTarget section */
		987D1ACC16DA94A3007BC3E2 /* GitHub Sample App */ = {
			isa = PBXNativeTarget;
			buildConfigurationList = 987D1AF016DA94A3007BC3E2 /* Build configuration list for PBXNativeTarget "GitHub Sample App" */;
			buildPhases = (
				987D1AC916DA94A3007BC3E2 /* Sources */,
				987D1ACA16DA94A3007BC3E2 /* Frameworks */,
				987D1ACB16DA94A3007BC3E2 /* Resources */,
			);
			buildRules = (
			);
			dependencies = (
			);
			name = "GitHub Sample App";
			productName = "GitHub Sample App";
			productReference = 987D1ACD16DA94A3007BC3E2 /* GitHub Sample App.app */;
			productType = "com.apple.product-type.application";
		};
/* End PBXNativeTarget section */

/* Begin PBXProject section */
		987D1AC516DA94A3007BC3E2 /* Project object */ = {
			isa = PBXProject;
			attributes = {
				CLASSPREFIX = HelloWorld;
				LastUpgradeCheck = 0460;
				ORGANIZATIONNAME = "Grant Summers";
			};
			buildConfigurationList = 987D1AC816DA94A3007BC3E2 /* Build configuration list for PBXProject "GitHub Sample App" */;
			compatibilityVersion = "Xcode 3.2";
			developmentRegion = English;
			hasScannedForEncodings = 0;
			knownRegions = (
				en,
			);
			mainGroup = 987D1AC416DA94A2007BC3E2;
			productRefGroup = 987D1ACE16DA94A3007BC3E2 /* Products */;
			projectDirPath = "";
			projectRoot = "";
			targets = (
				987D1ACC16DA94A3007BC3E2 /* GitHub Sample App */,
			);
		};
/* End PBXProject section */

/* Begin PBXResourcesBuildPhase section */
		987D1ACB16DA94A3007BC3E2 /* Resources */ = {
			isa = PBXResourcesBuildPhase;
			buildActionMask = 2147483647;
			files = (
				987D1ADB16DA94A3007BC3E2 /* InfoPlist.strings in Resources */,
				987D1AE316DA94A3007BC3E2 /* Default.png in Resources */,
				987D1AE516DA94A3007BC3E2 /* Default@2x.png in Resources */,
				987D1AE716DA94A3007BC3E2 /* Default-568h@2x.png in Resources */,
				987D1AEA16DA94A3007BC3E2 /* MainStoryboard.storyboard in Resources */,
			);
			runOnlyForDeploymentPostprocessing = 0;
		};
/* End PBXResourcesBuildPhase section */

/* Begin PBXSourcesBuildPhase section */
		987D1AC916DA94A3007BC3E2 /* Sources */ = {
			isa = PBXSourcesBuildPhase;
			buildActionMask = 2147483647;
			files = (
				987D1ADD16DA94A3007BC3E2 /* main.m in Sources */,
				987D1AE116DA94A3007BC3E2 /* HelloWorldAppDelegate.m in Sources */,
				987D1AED16DA94A3007BC3E2 /* HelloWorldViewController.m in Sources */,
			);
			runOnlyForDeploymentPostprocessing = 0;
		};
/* End PBXSourcesBuildPhase section */

/* Begin PBXVariantGroup section */
		987D1AD916DA94A3007BC3E2 /* InfoPlist.strings */ = {
			isa = PBXVariantGroup;
			children = (
				987D1ADA16DA94A3007BC3E2 /* en */,
			);
			name = InfoPlist.strings;
			sourceTree = "<group>";
		};
		987D1AE816DA94A3007BC3E2 /* MainStoryboard.storyboard */ = {
			isa = PBXVariantGroup;
			children = (
				987D1AE916DA94A3007BC3E2 /* en */,
			);
			name = MainStoryboard.storyboard;
			sourceTree = "<group>";
		};
/* End PBXVariantGroup section */

/* Begin XCBuildConfiguration section */
		987D1AEE16DA94A3007BC3E2 /* Debug */ = {
			isa = XCBuildConfiguration;
			buildSettings = {
				ALWAYS_SEARCH_USER_PATHS = NO;
				CLANG_CXX_LANGUAGE_STANDARD = "gnu++0x";
				CLANG_CXX_LIBRARY = "libc++";
				CLANG_ENABLE_OBJC_ARC = YES;
				CLANG_WARN_CONSTANT_CONVERSION = YES;
				CLANG_WARN_EMPTY_BODY = YES;
				CLANG_WARN_ENUM_CONVERSION = YES;
				CLANG_WARN_INT_CONVERSION = YES;
				CLANG_WARN__DUPLICATE_METHOD_MATCH = YES;
				"CODE_SIGN_IDENTITY[sdk=iphoneos*]" = "iPhone Developer";
				COPY_PHASE_STRIP = NO;
				GCC_C_LANGUAGE_STANDARD = gnu99;
				GCC_DYNAMIC_NO_PIC = NO;
				GCC_OPTIMIZATION_LEVEL = 0;
				GCC_PREPROCESSOR_DEFINITIONS = (
					"DEBUG=1",
					"$(inherited)",
				);
				GCC_SYMBOLS_PRIVATE_EXTERN = NO;
				GCC_WARN_ABOUT_RETURN_TYPE = YES;
				GCC_WARN_UNINITIALIZED_AUTOS = YES;
				GCC_WARN_UNUSED_VARIABLE = YES;
				IPHONEOS_DEPLOYMENT_TARGET = 6.1;
				ONLY_ACTIVE_ARCH = YES;
				SDKROOT = iphoneos;
			};
			name = Debug;
		};
		987D1AEF16DA94A3007BC3E2 /* Release */ = {
			isa = XCBuildConfiguration;
			buildSettings = {
				ALWAYS_SEARCH_USER_PATHS = NO;
				CLANG_CXX_LANGUAGE_STANDARD = "gnu++0x";
				CLANG_CXX_LIBRARY = "libc++";
				CLANG_ENABLE_OBJC_ARC = YES;
				CLANG_WARN_CONSTANT_CONVERSION = YES;
				CLANG_WARN_EMPTY_BODY = YES;
				CLANG_WARN_ENUM_CONVERSION = YES;
				CLANG_WARN_INT_CONVERSION = YES;
				CLANG_WARN__DUPLICATE_METHOD_MATCH = YES;
				"CODE_SIGN_IDENTITY[sdk=iphoneos*]" = "iPhone Developer";
				COPY_PHASE_STRIP = YES;
				GCC_C_LANGUAGE_STANDARD = gnu99;
				GCC_WARN_ABOUT_RETURN_TYPE = YES;
				GCC_WARN_UNINITIALIZED_AUTOS = YES;
				GCC_WARN_UNUSED_VARIABLE = YES;
				IPHONEOS_DEPLOYMENT_TARGET = 6.1;
				OTHER_CFLAGS = "-DNS_BLOCK_ASSERTIONS=1";
				SDKROOT = iphoneos;
				VALIDATE_PRODUCT = YES;
			};
			name = Release;
		};
		987D1AF116DA94A3007BC3E2 /* Debug */ = {
			isa = XCBuildConfiguration;
			buildSettings = {
				GCC_PRECOMPILE_PREFIX_HEADER = YES;
				GCC_PREFIX_HEADER = "GitHub Sample App/GitHub Sample App-Prefix.pch";
				INFOPLIST_FILE = "GitHub Sample App/GitHub Sample App-Info.plist";
				PRODUCT_NAME = "$(TARGET_NAME)";
				WRAPPER_EXTENSION = app;
			};
			name = Debug;
		};
		987D1AF216DA94A3007BC3E2 /* Release */ = {
			isa = XCBuildConfiguration;
			buildSettings = {
				GCC_PRECOMPILE_PREFIX_HEADER = YES;
				GCC_PREFIX_HEADER = "GitHub Sample App/GitHub Sample App-Prefix.pch";
				INFOPLIST_FILE = "GitHub Sample App/GitHub Sample App-Info.plist";
				PRODUCT_NAME = "$(TARGET_NAME)";
				WRAPPER_EXTENSION = app;
			};
			name = Release;
		};
/* End XCBuildConfiguration section */

/* Begin XCConfigurationList section */
		987D1AC816DA94A3007BC3E2 /* Build configuration list for PBXProject "GitHub Sample App" */ = {
			isa = XCConfigurationList;
			buildConfigurations = (
				987D1AEE16DA94A3007BC3E2 /* Debug */,
				987D1AEF16DA94A3007BC3E2 /* Release */,
			);
			defaultConfigurationIsVisible = 0;
			defaultConfigurationName = Release;
		};
		987D1AF016DA94A3007BC3E2 /* Build configuration list for PBXNativeTarget "GitHub Sample App" */ = {
			isa = XCConfigurationList;
			buildConfigurations = (
				987D1AF116DA94A3007BC3E2 /* Debug */,
				987D1AF216DA94A3007BC3E2 /* Release */,
			);
			defaultConfigurationIsVisible = 0;
		};
/* End XCConfigurationList section */
	};
	rootObject = 987D1AC516DA94A3007BC3E2 /* Project object */;
}
